{
  "name": "5.5",
  "lockfileVersion": 3,
  "requires": true,
  "packages": {
    "": {
      "dependencies": {
        "types-registry": "^0.1.696"
      },
      "devDependencies": {
        "@types/babel__code-frame": "^7.0.6",
        "@types/babel__core": "^7.20.5",
        "@types/babel__generator": "^7.6.8",
        "@types/babel__template": "^7.4.4",
        "@types/babel__traverse": "^7.20.6",
        "@types/gensync": "^1.0.4",
        "@types/lodash": "^4.17.13",
        "@types/react": "^18.3.12",
        "@types/react-dom": "^18.3.1",
        "@types/semver": "^7.5.8"
      }
    },
    "node_modules/@babel/helper-string-parser": {
      "version": "7.25.9",
      "resolved": "https://registry.npmjs.org/@babel/helper-string-parser/-/helper-string-parser-7.25.9.tgz",
      "integrity": "sha512-4A/SCr/2KLd5jrtOMFzaKjVtAei3+2r/NChoBNoZ3EyP/+GlhoaEGoWOZUmFmoITP7zOJyHIMm+DYRd8o3PvHA==",
      "dev": true,
      "license": "MIT",
      "engines": {
        "node": ">=6.9.0"
      }
    },
    "node_modules/@babel/helper-validator-identifier": {
      "version": "7.25.9",
      "resolved": "https://registry.npmjs.org/@babel/helper-validator-identifier/-/helper-validator-identifier-7.25.9.tgz",
      "integrity": "sha512-Ed61U6XJc3CVRfkERJWDz4dJwKe7iLmmJsbOGu9wSloNSFttHV0I8g6UAgb7qnK5ly5bGLPd4oXZlxCdANBOWQ==",
      "dev": true,
      "license": "MIT",
      "engines": {
        "node": ">=6.9.0"
      }
    },
    "node_modules/@babel/parser": {
      "version": "7.26.2",
      "resolved": "https://registry.npmjs.org/@babel/parser/-/parser-7.26.2.tgz",
      "integrity": "sha512-DWMCZH9WA4Maitz2q21SRKHo9QXZxkDsbNZoVD62gusNtNBBqDg9i7uOhASfTfIGNzW+O+r7+jAlM8dwphcJKQ==",
      "dev": true,
      "license": "MIT",
      "dependencies": {
        "@babel/types": "^7.26.0"
      },
      "bin": {
        "parser": "bin/babel-parser.js"
      },
      "engines": {
        "node": ">=6.0.0"
      }
    },
    "node_modules/@babel/types": {
      "version": "7.26.0",
      "resolved": "https://registry.npmjs.org/@babel/types/-/types-7.26.0.tgz",
      "integrity": "sha512-Z/yiTPj+lDVnF7lWeKCIJzaIkI0vYO87dMpZ4bg4TDrFe4XXLFWL1TbXU27gBP3QccxV9mZICCrnjnYlJjXHOA==",
      "dev": true,
      "license": "MIT",
      "dependencies": {
        "@babel/helper-string-parser": "^7.25.9",
        "@babel/helper-validator-identifier": "^7.25.9"
      },
      "engines": {
        "node": ">=6.9.0"
      }
    },
    "node_modules/@types/babel__code-frame": {
      "version": "7.0.6",
      "resolved": "https://registry.npmjs.org/@types/babel__code-frame/-/babel__code-frame-7.0.6.tgz",
      "integrity": "sha512-Anitqkl3+KrzcW2k77lRlg/GfLZLWXBuNgbEcIOU6M92yw42vsd3xV/Z/yAHEj8m+KUjL6bWOVOFqX8PFPJ4LA==",
      "dev": true,
      "license": "MIT"
    },
    "node_modules/@types/babel__core": {
      "version": "7.20.5",
      "resolved": "https://registry.npmjs.org/@types/babel__core/-/babel__core-7.20.5.tgz",
      "integrity": "sha512-qoQprZvz5wQFJwMDqeseRXWv3rqMvhgpbXFfVyWhbx9X47POIA6i/+dXefEmZKoAgOaTdaIgNSMqMIU61yRyzA==",
      "dev": true,
      "license": "MIT",
      "dependencies": {
        "@babel/parser": "^7.20.7",
        "@babel/types": "^7.20.7",
        "@types/babel__generator": "*",
        "@types/babel__template": "*",
        "@types/babel__traverse": "*"
      }
    },
    "node_modules/@types/babel__generator": {
      "version": "7.6.8",
      "resolved": "https://registry.npmjs.org/@types/babel__generator/-/babel__generator-7.6.8.tgz",
      "integrity": "sha512-ASsj+tpEDsEiFr1arWrlN6V3mdfjRMZt6LtK/Vp/kreFLnr5QH5+DhvD5nINYZXzwJvXeGq+05iUXcAzVrqWtw==",
      "dev": true,
      "license": "MIT",
      "dependencies": {
        "@babel/types": "^7.0.0"
      }
    },
    "node_modules/@types/babel__template": {
      "version": "7.4.4",
      "resolved": "https://registry.npmjs.org/@types/babel__template/-/babel__template-7.4.4.tgz",
      "integrity": "sha512-h/NUaSyG5EyxBIp8YRxo4RMe2/qQgvyowRwVMzhYhBCONbW8PUsg4lkFMrhgZhUe5z3L3MiLDuvyJ/CaPa2A8A==",
      "dev": true,
      "license": "MIT",
      "dependencies": {
        "@babel/parser": "^7.1.0",
        "@babel/types": "^7.0.0"
      }
    },
    "node_modules/@types/babel__traverse": {
      "version": "7.20.6",
      "resolved": "https://registry.npmjs.org/@types/babel__traverse/-/babel__traverse-7.20.6.tgz",
      "integrity": "sha512-r1bzfrm0tomOI8g1SzvCaQHo6Lcv6zu0EA+W2kHrt8dyrHQxGzBBL4kdkzIS+jBMV+EYcMAEAqXqYaLJq5rOZg==",
      "dev": true,
      "license": "MIT",
      "dependencies": {
        "@babel/types": "^7.20.7"
      }
    },
    "node_modules/@types/gensync": {
      "version": "1.0.4",
      "resolved": "https://registry.npmjs.org/@types/gensync/-/gensync-1.0.4.tgz",
      "integrity": "sha512-C3YYeRQWp2fmq9OryX+FoDy8nXS6scQ7dPptD8LnFDAUNcKWJjXQKDNJD3HVm+kOUsXhTOkpi69vI4EuAr95bA==",
      "dev": true,
      "license": "MIT"
    },
    "node_modules/@types/lodash": {
      "version": "4.17.13",
      "resolved": "https://registry.npmjs.org/@types/lodash/-/lodash-4.17.13.tgz",
      "integrity": "sha512-lfx+dftrEZcdBPczf9d0Qv0x+j/rfNCMuC6OcfXmO8gkfeNAY88PgKUbvG56whcN23gc27yenwF6oJZXGFpYxg==",
      "dev": true,
      "license": "MIT"
    },
    "node_modules/@types/prop-types": {
      "version": "15.7.13",
      "resolved": "https://registry.npmjs.org/@types/prop-types/-/prop-types-15.7.13.tgz",
      "integrity": "sha512-hCZTSvwbzWGvhqxp/RqVqwU999pBf2vp7hzIjiYOsl8wqOmUxkQ6ddw1cV3l8811+kdUFus/q4d1Y3E3SyEifA==",
      "dev": true,
      "license": "MIT"
    },
    "node_modules/@types/react": {
      "version": "18.3.12",
      "resolved": "https://registry.npmjs.org/@types/react/-/react-18.3.12.tgz",
      "integrity": "sha512-D2wOSq/d6Agt28q7rSI3jhU7G6aiuzljDGZ2hTZHIkrTLUI+AF3WMeKkEZ9nN2fkBAlcktT6vcZjDFiIhMYEQw==",
      "dev": true,
      "license": "MIT",
      "dependencies": {
        "@types/prop-types": "*",
        "csstype": "^3.0.2"
      }
    },
    "node_modules/@types/react-dom": {
      "version": "18.3.1",
      "resolved": "https://registry.npmjs.org/@types/react-dom/-/react-dom-18.3.1.tgz",
      "integrity": "sha512-qW1Mfv8taImTthu4KoXgDfLuk4bydU6Q/TkADnDWWHwi4NX4BR+LWfTp2sVmTqRrsHvyDDTelgelxJ+SsejKKQ==",
      "dev": true,
      "license": "MIT",
      "dependencies": {
        "@types/react": "*"
      }
    },
    "node_modules/@types/semver": {
      "version": "7.5.8",
      "resolved": "https://registry.npmjs.org/@types/semver/-/semver-7.5.8.tgz",
      "integrity": "sha512-I8EUhyrgfLrcTkzV3TSsGyl1tSuPrEDzr0yd5m90UgNxQkyDXULk3b6MlQqTCpZpNtWe1K0hzclnZkTcLBe2UQ==",
      "dev": true,
      "license": "MIT"
    },
    "node_modules/csstype": {
      "version": "3.1.3",
      "resolved": "https://registry.npmjs.org/csstype/-/csstype-3.1.3.tgz",
      "integrity": "sha512-M1uQkMl8rQK/szD0LNhtqxIPLpimGm8sOBwU7lLnCpSbTyY3yeU1Vc7l4KT5zT4s/yOxHH5O7tIuuLOCnLADRw==",
      "dev": true,
      "license": "MIT"
    },
    "node_modules/types-registry": {
      "version": "0.1.696",
      "resolved": "https://registry.npmjs.org/types-registry/-/types-registry-0.1.696.tgz",
      "integrity": "sha512-q8Kz0mvJp8NtdUPxX/y1HAmKhwwnJPpicB7U47UWFtZ0z9q87DmYJYhTOhYPo2KGBmq7opcCSEHfx+ljBAbVtw==",
      "license": "MIT"
    }
  }
}
